
Microsoft Visual Studio Solution File, Format Version 12.00
Project("{FAE04EC0-301F-11D3-BF4B-00C04F79EFBC}") = "TaskBuilder", "TaskBuilder\TaskBuilder.csproj", "{8C82BB52-8166-465B-A1CF-44C97942547A}"
EndProject
Global
	GlobalSection(SolutionConfigurationPlatforms) = preSolution
		Debug|Any CPU = Debug|Any CPU
		Release|Any CPU = Release|Any CPU
	EndGlobalSection
	GlobalSection(ProjectConfigurationPlatforms) = postSolution
		{8C82BB52-8166-465B-A1CF-44C97942547A}.Debug|Any CPU.ActiveCfg = Debug|Any CPU
		{8C82BB52-8166-465B-A1CF-44C97942547A}.Debug|Any CPU.Build.0 = Debug|Any CPU
		{8C82BB52-8166-465B-A1CF-44C97942547A}.Release|Any CPU.ActiveCfg = Release|Any CPU
		{8C82BB52-8166-465B-A1CF-44C97942547A}.Release|Any CPU.Build.0 = Release|Any CPU
	EndGlobalSection
EndGlobal
